
Microsoft Visual Studio Solution File, Format Version 12.00
# Visual Studio Version 17
VisualStudioVersion = 17.0.31912.275
MinimumVisualStudioVersion = 10.0.40219.1
Project("{2150E333-8FDC-42A3-9474-1A3956D46DE8}") = "src", "src", "{CBF27136-5472-4217-AA88-C258F865E2D2}"
EndProject
Project("{2150E333-8FDC-42A3-9474-1A3956D46DE8}") = "Services", "Services", "{4A00DE64-EC27-4F46-8782-47541FC40AE0}"
EndProject
Project("{2150E333-8FDC-42A3-9474-1A3956D46DE8}") = "Identity", "Identity", "{4A3A5BA2-1D89-433D-9214-820FFFAD45D0}"
EndProject
Project("{9A19103F-16F7-4668-BE54-9A1E7A4F7556}") = "Identity.API", "src\Services\Identity\Identity.API\Identity.API.csproj", "{958F41EE-0444-4893-9997-7595594C37CF}"
EndProject
Project("{2150E333-8FDC-42A3-9474-1A3956D46DE8}") = "Web", "Web", "{EF69A3A6-A184-4C23-B9FB-034DAD2913C6}"
EndProject
Project("{2150E333-8FDC-42A3-9474-1A3956D46DE8}") = "Catalog", "Catalog", "{E5D12115-EAF4-43F4-83C8-D8DAE7C17285}"
EndProject
Project("{9A19103F-16F7-4668-BE54-9A1E7A4F7556}") = "Catalog.API", "src\Services\Catalog\Catalog.API\Catalog.API.csproj", "{87F81A8D-BC10-4701-BE32-6F6217796E8C}"
EndProject
Project("{2150E333-8FDC-42A3-9474-1A3956D46DE8}") = "BuildingBlocks", "BuildingBlocks", "{6E3302E8-41FD-490C-920B-D5929B5DE0D9}"
EndProject
Project("{2150E333-8FDC-42A3-9474-1A3956D46DE8}") = "EventBus", "EventBus", "{18C365E9-2DDC-4247-BCD5-C77D3D289E57}"
EndProject
Project("{2150E333-8FDC-42A3-9474-1A3956D46DE8}") = "ApiGateways", "ApiGateways", "{8ACD66D8-4B4E-489A-8C75-E25EA9E0E399}"
EndProject
Project("{2150E333-8FDC-42A3-9474-1A3956D46DE8}") = "Aggregators", "Aggregators", "{4C14BF67-4B0C-429D-96C7-73803AA76CFA}"
EndProject
Project("{9A19103F-16F7-4668-BE54-9A1E7A4F7556}") = "Web.Shopping.HttpAggregator", "src\ApiGateways\Aggregators\Web.Shopping.HttpAggregator\Web.Shopping.HttpAggregator.csproj", "{4C18A91D-9C0A-4DFF-A2A3-39E8317951FD}"
EndProject
Project("{2150E333-8FDC-42A3-9474-1A3956D46DE8}") = "Basket", "Basket", "{58D1C64F-B283-45CB-97C9-5BC4F6589CE8}"
EndProject
Project("{9A19103F-16F7-4668-BE54-9A1E7A4F7556}") = "Basket.API", "src\Services\Basket\Basket.API\Basket.API.csproj", "{9A7D5C39-97BB-4D84-B439-BE530CCF1502}"
EndProject
Project("{2150E333-8FDC-42A3-9474-1A3956D46DE8}") = "Ordering", "Ordering", "{6E06245D-F575-4D67-AECE-EEC5D70AE53B}"
EndProject
Project("{9A19103F-16F7-4668-BE54-9A1E7A4F7556}") = "Ordering.API", "src\Services\Ordering\Ordering.API\Ordering.API.csproj", "{E77AF4DD-2373-47EF-BD0E-A796B1099364}"
EndProject
Project("{2150E333-8FDC-42A3-9474-1A3956D46DE8}") = "Payment", "Payment", "{B894E134-F56A-4057-8F29-6D9DD4A6CDFA}"
EndProject
Project("{9A19103F-16F7-4668-BE54-9A1E7A4F7556}") = "Payment.API", "src\Services\Payment\Payment.API\Payment.API.csproj", "{37327280-77E7-48E5-9E6D-C6D1EC86F125}"
EndProject
Project("{E53339B2-1760-4266-BCC7-CA923CBCF16C}") = "docker-compose", "docker-compose.dcproj", "{250B824E-6A72-4D6E-8287-CC73F40410E9}"
EndProject
Project("{2150E333-8FDC-42A3-9474-1A3956D46DE8}") = "dapr", "dapr", "{B52FAD6A-7976-48CD-8791-96E9D3CA5519}"
EndProject
Project("{2150E333-8FDC-42A3-9474-1A3956D46DE8}") = "components", "components", "{EE9EF69B-6FCD-4274-8857-8BD9382E29CB}"
	ProjectSection(SolutionItems) = preProject
		dapr\components\eshop-email.yaml = dapr\components\eshop-email.yaml
		dapr\components\eshop-pubsub.yaml = dapr\components\eshop-pubsub.yaml
		dapr\components\eshop-secrets.json = dapr\components\eshop-secrets.json
		dapr\components\eshop-secretstore.yaml = dapr\components\eshop-secretstore.yaml
		dapr\components\eshop-statestore.yaml = dapr\components\eshop-statestore.yaml
	EndProjectSection
EndProject
Project("{2150E333-8FDC-42A3-9474-1A3956D46DE8}") = "configuration", "configuration", "{EDFC0510-8EC6-4E51-AE47-965E2599D9D0}"
	ProjectSection(SolutionItems) = preProject
		dapr\configuration\eshop-config.yaml = dapr\configuration\eshop-config.yaml
	EndProjectSection
EndProject
Project("{2150E333-8FDC-42A3-9474-1A3956D46DE8}") = "Envoy", "Envoy", "{589088F3-E92E-4BBC-AEF9-EDED51C8E6F8}"
	ProjectSection(SolutionItems) = preProject
		src\ApiGateways\Envoy\envoy.yaml = src\ApiGateways\Envoy\envoy.yaml
	EndProjectSection
EndProject
Project("{9A19103F-16F7-4668-BE54-9A1E7A4F7556}") = "BlazorClient", "src\Web\BlazorClient\BlazorClient.csproj", "{538E9CCC-6E48-4C02-8F58-6E4A5F48EA2D}"
EndProject
Project("{9A19103F-16F7-4668-BE54-9A1E7A4F7556}") = "EventBus", "src\BuildingBlocks\EventBus\EventBus.csproj", "{A96826FE-933F-4F26-989D-1369E025A8FD}"
EndProject
Project("{9A19103F-16F7-4668-BE54-9A1E7A4F7556}") = "BlazorClient.Host", "src\Web\BlazorClient.Host\BlazorClient.Host.csproj", "{E03A530B-3E53-4BFC-978C-105D86D04B67}"
EndProject
Project("{2150E333-8FDC-42A3-9474-1A3956D46DE8}") = "Healthchecks", "Healthchecks", "{60441B2A-69B7-4BD1-B4FE-CCA68DFF4311}"
EndProject
Project("{9A19103F-16F7-4668-BE54-9A1E7A4F7556}") = "Healthchecks", "src\BuildingBlocks\Healthchecks\Healthchecks.csproj", "{8AA9B06A-8D20-4F3A-BD64-6DE81940B1E7}"
EndProject
Project("{9A19103F-16F7-4668-BE54-9A1E7A4F7556}") = "WebStatus", "src\Web\WebStatus\WebStatus.csproj", "{1489AC81-8724-4077-9241-D0384BA0CB6C}"
EndProject
Global
	GlobalSection(SolutionConfigurationPlatforms) = preSolution
		Debug|Any CPU = Debug|Any CPU
		Release|Any CPU = Release|Any CPU
	EndGlobalSection
	GlobalSection(ProjectConfigurationPlatforms) = postSolution
		{958F41EE-0444-4893-9997-7595594C37CF}.Debug|Any CPU.ActiveCfg = Debug|Any CPU
		{958F41EE-0444-4893-9997-7595594C37CF}.Debug|Any CPU.Build.0 = Debug|Any CPU
		{958F41EE-0444-4893-9997-7595594C37CF}.Release|Any CPU.ActiveCfg = Release|Any CPU
		{958F41EE-0444-4893-9997-7595594C37CF}.Release|Any CPU.Build.0 = Release|Any CPU
		{87F81A8D-BC10-4701-BE32-6F6217796E8C}.Debug|Any CPU.ActiveCfg = Debug|Any CPU
		{87F81A8D-BC10-4701-BE32-6F6217796E8C}.Debug|Any CPU.Build.0 = Debug|Any CPU
		{87F81A8D-BC10-4701-BE32-6F6217796E8C}.Release|Any CPU.ActiveCfg = Release|Any CPU
		{87F81A8D-BC10-4701-BE32-6F6217796E8C}.Release|Any CPU.Build.0 = Release|Any CPU
		{4C18A91D-9C0A-4DFF-A2A3-39E8317951FD}.Debug|Any CPU.ActiveCfg = Debug|Any CPU
		{4C18A91D-9C0A-4DFF-A2A3-39E8317951FD}.Debug|Any CPU.Build.0 = Debug|Any CPU
		{4C18A91D-9C0A-4DFF-A2A3-39E8317951FD}.Release|Any CPU.ActiveCfg = Release|Any CPU
		{4C18A91D-9C0A-4DFF-A2A3-39E8317951FD}.Release|Any CPU.Build.0 = Release|Any CPU
		{9A7D5C39-97BB-4D84-B439-BE530CCF1502}.Debug|Any CPU.ActiveCfg = Debug|Any CPU
		{9A7D5C39-97BB-4D84-B439-BE530CCF1502}.Debug|Any CPU.Build.0 = Debug|Any CPU
		{9A7D5C39-97BB-4D84-B439-BE530CCF1502}.Release|Any CPU.ActiveCfg = Release|Any CPU
		{9A7D5C39-97BB-4D84-B439-BE530CCF1502}.Release|Any CPU.Build.0 = Release|Any CPU
		{E77AF4DD-2373-47EF-BD0E-A796B1099364}.Debug|Any CPU.ActiveCfg = Debug|Any CPU
		{E77AF4DD-2373-47EF-BD0E-A796B1099364}.Debug|Any CPU.Build.0 = Debug|Any CPU
		{E77AF4DD-2373-47EF-BD0E-A796B1099364}.Release|Any CPU.ActiveCfg = Release|Any CPU
		{E77AF4DD-2373-47EF-BD0E-A796B1099364}.Release|Any CPU.Build.0 = Release|Any CPU
		{37327280-77E7-48E5-9E6D-C6D1EC86F125}.Debug|Any CPU.ActiveCfg = Debug|Any CPU
		{37327280-77E7-48E5-9E6D-C6D1EC86F125}.Debug|Any CPU.Build.0 = Debug|Any CPU
		{37327280-77E7-48E5-9E6D-C6D1EC86F125}.Release|Any CPU.ActiveCfg = Release|Any CPU
		{37327280-77E7-48E5-9E6D-C6D1EC86F125}.Release|Any CPU.Build.0 = Release|Any CPU
		{250B824E-6A72-4D6E-8287-CC73F40410E9}.Debug|Any CPU.ActiveCfg = Debug|Any CPU
		{250B824E-6A72-4D6E-8287-CC73F40410E9}.Debug|Any CPU.Build.0 = Debug|Any CPU
		{250B824E-6A72-4D6E-8287-CC73F40410E9}.Release|Any CPU.ActiveCfg = Release|Any CPU
		{250B824E-6A72-4D6E-8287-CC73F40410E9}.Release|Any CPU.Build.0 = Release|Any CPU
		{538E9CCC-6E48-4C02-8F58-6E4A5F48EA2D}.Debug|Any CPU.ActiveCfg = Debug|Any CPU
		{538E9CCC-6E48-4C02-8F58-6E4A5F48EA2D}.Debug|Any CPU.Build.0 = Debug|Any CPU
		{538E9CCC-6E48-4C02-8F58-6E4A5F48EA2D}.Release|Any CPU.ActiveCfg = Release|Any CPU
		{538E9CCC-6E48-4C02-8F58-6E4A5F48EA2D}.Release|Any CPU.Build.0 = Release|Any CPU
		{A96826FE-933F-4F26-989D-1369E025A8FD}.Debug|Any CPU.ActiveCfg = Debug|Any CPU
		{A96826FE-933F-4F26-989D-1369E025A8FD}.Debug|Any CPU.Build.0 = Debug|Any CPU
		{A96826FE-933F-4F26-989D-1369E025A8FD}.Release|Any CPU.ActiveCfg = Release|Any CPU
		{A96826FE-933F-4F26-989D-1369E025A8FD}.Release|Any CPU.Build.0 = Release|Any CPU
		{E03A530B-3E53-4BFC-978C-105D86D04B67}.Debug|Any CPU.ActiveCfg = Debug|Any CPU
		{E03A530B-3E53-4BFC-978C-105D86D04B67}.Debug|Any CPU.Build.0 = Debug|Any CPU
		{E03A530B-3E53-4BFC-978C-105D86D04B67}.Release|Any CPU.ActiveCfg = Release|Any CPU
		{E03A530B-3E53-4BFC-978C-105D86D04B67}.Release|Any CPU.Build.0 = Release|Any CPU
		{8AA9B06A-8D20-4F3A-BD64-6DE81940B1E7}.Debug|Any CPU.ActiveCfg = Debug|Any CPU
		{8AA9B06A-8D20-4F3A-BD64-6DE81940B1E7}.Debug|Any CPU.Build.0 = Debug|Any CPU
		{8AA9B06A-8D20-4F3A-BD64-6DE81940B1E7}.Release|Any CPU.ActiveCfg = Release|Any CPU
		{8AA9B06A-8D20-4F3A-BD64-6DE81940B1E7}.Release|Any CPU.Build.0 = Release|Any CPU
		{1489AC81-8724-4077-9241-D0384BA0CB6C}.Debug|Any CPU.ActiveCfg = Debug|Any CPU
		{1489AC81-8724-4077-9241-D0384BA0CB6C}.Debug|Any CPU.Build.0 = Debug|Any CPU
		{1489AC81-8724-4077-9241-D0384BA0CB6C}.Release|Any CPU.ActiveCfg = Release|Any CPU
		{1489AC81-8724-4077-9241-D0384BA0CB6C}.Release|Any CPU.Build.0 = Release|Any CPU
	EndGlobalSection
	GlobalSection(SolutionProperties) = preSolution
		HideSolutionNode = FALSE
	EndGlobalSection
	GlobalSection(NestedProjects) = preSolution
		{4A00DE64-EC27-4F46-8782-47541FC40AE0} = {CBF27136-5472-4217-AA88-C258F865E2D2}
		{4A3A5BA2-1D89-433D-9214-820FFFAD45D0} = {4A00DE64-EC27-4F46-8782-47541FC40AE0}
		{958F41EE-0444-4893-9997-7595594C37CF} = {4A3A5BA2-1D89-433D-9214-820FFFAD45D0}
		{EF69A3A6-A184-4C23-B9FB-034DAD2913C6} = {CBF27136-5472-4217-AA88-C258F865E2D2}
		{E5D12115-EAF4-43F4-83C8-D8DAE7C17285} = {4A00DE64-EC27-4F46-8782-47541FC40AE0}
		{87F81A8D-BC10-4701-BE32-6F6217796E8C} = {E5D12115-EAF4-43F4-83C8-D8DAE7C17285}
		{6E3302E8-41FD-490C-920B-D5929B5DE0D9} = {CBF27136-5472-4217-AA88-C258F865E2D2}
		{18C365E9-2DDC-4247-BCD5-C77D3D289E57} = {6E3302E8-41FD-490C-920B-D5929B5DE0D9}
		{8ACD66D8-4B4E-489A-8C75-E25EA9E0E399} = {CBF27136-5472-4217-AA88-C258F865E2D2}
		{4C14BF67-4B0C-429D-96C7-73803AA76CFA} = {8ACD66D8-4B4E-489A-8C75-E25EA9E0E399}
		{4C18A91D-9C0A-4DFF-A2A3-39E8317951FD} = {4C14BF67-4B0C-429D-96C7-73803AA76CFA}
		{58D1C64F-B283-45CB-97C9-5BC4F6589CE8} = {4A00DE64-EC27-4F46-8782-47541FC40AE0}
		{9A7D5C39-97BB-4D84-B439-BE530CCF1502} = {58D1C64F-B283-45CB-97C9-5BC4F6589CE8}
		{6E06245D-F575-4D67-AECE-EEC5D70AE53B} = {4A00DE64-EC27-4F46-8782-47541FC40AE0}
		{E77AF4DD-2373-47EF-BD0E-A796B1099364} = {6E06245D-F575-4D67-AECE-EEC5D70AE53B}
		{B894E134-F56A-4057-8F29-6D9DD4A6CDFA} = {4A00DE64-EC27-4F46-8782-47541FC40AE0}
		{37327280-77E7-48E5-9E6D-C6D1EC86F125} = {B894E134-F56A-4057-8F29-6D9DD4A6CDFA}
		{EE9EF69B-6FCD-4274-8857-8BD9382E29CB} = {B52FAD6A-7976-48CD-8791-96E9D3CA5519}
		{EDFC0510-8EC6-4E51-AE47-965E2599D9D0} = {B52FAD6A-7976-48CD-8791-96E9D3CA5519}
		{589088F3-E92E-4BBC-AEF9-EDED51C8E6F8} = {8ACD66D8-4B4E-489A-8C75-E25EA9E0E399}
		{538E9CCC-6E48-4C02-8F58-6E4A5F48EA2D} = {EF69A3A6-A184-4C23-B9FB-034DAD2913C6}
		{A96826FE-933F-4F26-989D-1369E025A8FD} = {18C365E9-2DDC-4247-BCD5-C77D3D289E57}
		{E03A530B-3E53-4BFC-978C-105D86D04B67} = {EF69A3A6-A184-4C23-B9FB-034DAD2913C6}
		{60441B2A-69B7-4BD1-B4FE-CCA68DFF4311} = {6E3302E8-41FD-490C-920B-D5929B5DE0D9}
		{8AA9B06A-8D20-4F3A-BD64-6DE81940B1E7} = {60441B2A-69B7-4BD1-B4FE-CCA68DFF4311}
		{1489AC81-8724-4077-9241-D0384BA0CB6C} = {EF69A3A6-A184-4C23-B9FB-034DAD2913C6}
	EndGlobalSection
	GlobalSection(ExtensibilityGlobals) = postSolution
		SolutionGuid = {FBED0B95-87F8-439B-BC1E-382C8ABD4F2E}
	EndGlobalSection
EndGlobal
