
Microsoft Visual Studio Solution File, Format Version 12.00
# Visual Studio Version 16
VisualStudioVersion = 16.0.29709.97
MinimumVisualStudioVersion = 10.0.40219.1
Project("{2150E333-8FDC-42A3-9474-1A3956D46DE8}") = "src", "src", "{CBF27136-5472-4217-AA88-C258F865E2D2}"
EndProject
Project("{2150E333-8FDC-42A3-9474-1A3956D46DE8}") = "Services", "Services", "{4A00DE64-EC27-4F46-8782-47541FC40AE0}"
EndProject
Project("{2150E333-8FDC-42A3-9474-1A3956D46DE8}") = "Identity", "Identity", "{4A3A5BA2-1D89-433D-9214-820FFFAD45D0}"
EndProject
Project("{9A19103F-16F7-4668-BE54-9A1E7A4F7556}") = "Identity.API", "src\Services\Identity\Identity.API\Identity.API.csproj", "{958F41EE-0444-4893-9997-7595594C37CF}"
EndProject
Project("{2150E333-8FDC-42A3-9474-1A3956D46DE8}") = "Web", "Web", "{EF69A3A6-A184-4C23-B9FB-034DAD2913C6}"
EndProject
Project("{9A19103F-16F7-4668-BE54-9A1E7A4F7556}") = "WebStatus", "src\Web\WebStatus\WebStatus.csproj", "{A076FFF7-8F8D-4A70-B469-B2891B222782}"
EndProject
Project("{2150E333-8FDC-42A3-9474-1A3956D46DE8}") = "Catalog", "Catalog", "{E5D12115-EAF4-43F4-83C8-D8DAE7C17285}"
EndProject
Project("{9A19103F-16F7-4668-BE54-9A1E7A4F7556}") = "Catalog.API", "src\Services\Catalog\Catalog.API\Catalog.API.csproj", "{87F81A8D-BC10-4701-BE32-6F6217796E8C}"
EndProject
Project("{2150E333-8FDC-42A3-9474-1A3956D46DE8}") = "BuildingBlocks", "BuildingBlocks", "{6E3302E8-41FD-490C-920B-D5929B5DE0D9}"
EndProject
Project("{2150E333-8FDC-42A3-9474-1A3956D46DE8}") = "EventBus", "EventBus", "{18C365E9-2DDC-4247-BCD5-C77D3D289E57}"
EndProject
Project("{9A19103F-16F7-4668-BE54-9A1E7A4F7556}") = "EventBus", "src\BuildingBlocks\EventBus\EventBus\EventBus.csproj", "{F5BC4BD0-66D5-4B81-813F-5803886ABFD0}"
EndProject
Project("{9A19103F-16F7-4668-BE54-9A1E7A4F7556}") = "EventBusRabbitMQ", "src\BuildingBlocks\EventBus\EventBusRabbitMQ\EventBusRabbitMQ.csproj", "{2E6BAD6A-898B-421D-BE0B-AA94B906A54A}"
EndProject
Project("{9A19103F-16F7-4668-BE54-9A1E7A4F7556}") = "EventBusServiceBus", "src\BuildingBlocks\EventBus\EventBusServiceBus\EventBusServiceBus.csproj", "{5B33D88B-C770-4BB3-AFC5-A7E7E909F113}"
EndProject
Project("{9A19103F-16F7-4668-BE54-9A1E7A4F7556}") = "IntegrationEventLogEF", "src\BuildingBlocks\EventBus\IntegrationEventLogEF\IntegrationEventLogEF.csproj", "{9880F90C-4329-41BC-8BC8-ED318E4A460F}"
EndProject
Project("{2150E333-8FDC-42A3-9474-1A3956D46DE8}") = "ApiGateways", "ApiGateways", "{8ACD66D8-4B4E-489A-8C75-E25EA9E0E399}"
EndProject
Project("{2150E333-8FDC-42A3-9474-1A3956D46DE8}") = "Envoy", "Envoy", "{52F3904A-48EA-4B45-BE38-42B84AB94519}"
EndProject
Project("{2150E333-8FDC-42A3-9474-1A3956D46DE8}") = "config", "config", "{8BA422BB-9BC1-4B05-9880-8AC6D6CF6920}"
EndProject
Project("{2150E333-8FDC-42A3-9474-1A3956D46DE8}") = "webshopping", "webshopping", "{64B29A06-E154-456D-B054-06DC2DE419B8}"
	ProjectSection(SolutionItems) = preProject
		src\ApiGateways\Envoy\config\webshopping\envoy.yaml = src\ApiGateways\Envoy\config\webshopping\envoy.yaml
	EndProjectSection
EndProject
Project("{2150E333-8FDC-42A3-9474-1A3956D46DE8}") = "Aggregators", "Aggregators", "{4C14BF67-4B0C-429D-96C7-73803AA76CFA}"
EndProject
Project("{9A19103F-16F7-4668-BE54-9A1E7A4F7556}") = "Web.Shopping.HttpAggregator", "src\ApiGateways\Aggregators\Web.Shopping.HttpAggregator\Web.Shopping.HttpAggregator.csproj", "{4C18A91D-9C0A-4DFF-A2A3-39E8317951FD}"
EndProject
Project("{2150E333-8FDC-42A3-9474-1A3956D46DE8}") = "Basket", "Basket", "{58D1C64F-B283-45CB-97C9-5BC4F6589CE8}"
EndProject
Project("{9A19103F-16F7-4668-BE54-9A1E7A4F7556}") = "Basket.API", "src\Services\Basket\Basket.API\Basket.API.csproj", "{9A7D5C39-97BB-4D84-B439-BE530CCF1502}"
EndProject
Project("{2150E333-8FDC-42A3-9474-1A3956D46DE8}") = "Ordering", "Ordering", "{6E06245D-F575-4D67-AECE-EEC5D70AE53B}"
EndProject
Project("{9A19103F-16F7-4668-BE54-9A1E7A4F7556}") = "Ordering.API", "src\Services\Ordering\Ordering.API\Ordering.API.csproj", "{E77AF4DD-2373-47EF-BD0E-A796B1099364}"
EndProject
Project("{2150E333-8FDC-42A3-9474-1A3956D46DE8}") = "WebHost", "WebHost", "{6741BDD4-34D9-4D60-ADD5-5C631302545D}"
EndProject
Project("{9A19103F-16F7-4668-BE54-9A1E7A4F7556}") = "WebHost.Customization", "src\BuildingBlocks\WebHost\WebHost.Customization\WebHost.Customization.csproj", "{A8D165AA-6A73-4EA0-846D-2F61FDD05CA1}"
EndProject
Project("{9A19103F-16F7-4668-BE54-9A1E7A4F7556}") = "Ordering.Domain", "src\Services\Ordering\Ordering.Domain\Ordering.Domain.csproj", "{1B2E2508-C908-4EF7-9736-29CDDA34EF9D}"
EndProject
Project("{9A19103F-16F7-4668-BE54-9A1E7A4F7556}") = "Ordering.Infrastructure", "src\Services\Ordering\Ordering.Infrastructure\Ordering.Infrastructure.csproj", "{B4A7296E-15EF-47CD-842F-EEBF9D730FD0}"
EndProject
Project("{9A19103F-16F7-4668-BE54-9A1E7A4F7556}") = "WebSPA", "src\Web\WebSPA\WebSPA.csproj", "{F5751D35-A129-43E1-8DEE-80F02B923D4A}"
EndProject
Project("{9A19103F-16F7-4668-BE54-9A1E7A4F7556}") = "Ordering.BackgroundTasks", "src\Services\Ordering\Ordering.BackgroundTasks\Ordering.BackgroundTasks.csproj", "{42EA4DAE-8180-4B9E-9006-A1F9C4D54284}"
EndProject
Project("{2150E333-8FDC-42A3-9474-1A3956D46DE8}") = "Payment", "Payment", "{B894E134-F56A-4057-8F29-6D9DD4A6CDFA}"
EndProject
Project("{9A19103F-16F7-4668-BE54-9A1E7A4F7556}") = "Payment.API", "src\Services\Payment\Payment.API\Payment.API.csproj", "{37327280-77E7-48E5-9E6D-C6D1EC86F125}"
EndProject
Project("{9A19103F-16F7-4668-BE54-9A1E7A4F7556}") = "Ordering.SignalrHub", "src\Services\Ordering\Ordering.SignalrHub\Ordering.SignalrHub.csproj", "{E84BCF7A-0B5A-4F73-A1B0-ED1E29A0FE17}"
EndProject
Project("{2150E333-8FDC-42A3-9474-1A3956D46DE8}") = "Coupon", "Coupon", "{8FD81E9D-8D31-4DF3-AE65-5FAEBDC7420C}"
EndProject
Project("{9A19103F-16F7-4668-BE54-9A1E7A4F7556}") = "Coupon.API", "src\Services\Coupon\Coupon.API\Coupon.API.csproj", "{A9227F5B-8BC8-4869-B1F7-C6F40F4252E4}"
EndProject
Global
	GlobalSection(SolutionConfigurationPlatforms) = preSolution
		Debug|Any CPU = Debug|Any CPU
		Release|Any CPU = Release|Any CPU
	EndGlobalSection
	GlobalSection(ProjectConfigurationPlatforms) = postSolution
		{958F41EE-0444-4893-9997-7595594C37CF}.Debug|Any CPU.ActiveCfg = Debug|Any CPU
		{958F41EE-0444-4893-9997-7595594C37CF}.Debug|Any CPU.Build.0 = Debug|Any CPU
		{958F41EE-0444-4893-9997-7595594C37CF}.Release|Any CPU.ActiveCfg = Release|Any CPU
		{958F41EE-0444-4893-9997-7595594C37CF}.Release|Any CPU.Build.0 = Release|Any CPU
		{A076FFF7-8F8D-4A70-B469-B2891B222782}.Debug|Any CPU.ActiveCfg = Debug|Any CPU
		{A076FFF7-8F8D-4A70-B469-B2891B222782}.Debug|Any CPU.Build.0 = Debug|Any CPU
		{A076FFF7-8F8D-4A70-B469-B2891B222782}.Release|Any CPU.ActiveCfg = Release|Any CPU
		{A076FFF7-8F8D-4A70-B469-B2891B222782}.Release|Any CPU.Build.0 = Release|Any CPU
		{87F81A8D-BC10-4701-BE32-6F6217796E8C}.Debug|Any CPU.ActiveCfg = Debug|Any CPU
		{87F81A8D-BC10-4701-BE32-6F6217796E8C}.Debug|Any CPU.Build.0 = Debug|Any CPU
		{87F81A8D-BC10-4701-BE32-6F6217796E8C}.Release|Any CPU.ActiveCfg = Release|Any CPU
		{87F81A8D-BC10-4701-BE32-6F6217796E8C}.Release|Any CPU.Build.0 = Release|Any CPU
		{F5BC4BD0-66D5-4B81-813F-5803886ABFD0}.Debug|Any CPU.ActiveCfg = Debug|Any CPU
		{F5BC4BD0-66D5-4B81-813F-5803886ABFD0}.Debug|Any CPU.Build.0 = Debug|Any CPU
		{F5BC4BD0-66D5-4B81-813F-5803886ABFD0}.Release|Any CPU.ActiveCfg = Release|Any CPU
		{F5BC4BD0-66D5-4B81-813F-5803886ABFD0}.Release|Any CPU.Build.0 = Release|Any CPU
		{2E6BAD6A-898B-421D-BE0B-AA94B906A54A}.Debug|Any CPU.ActiveCfg = Debug|Any CPU
		{2E6BAD6A-898B-421D-BE0B-AA94B906A54A}.Debug|Any CPU.Build.0 = Debug|Any CPU
		{2E6BAD6A-898B-421D-BE0B-AA94B906A54A}.Release|Any CPU.ActiveCfg = Release|Any CPU
		{2E6BAD6A-898B-421D-BE0B-AA94B906A54A}.Release|Any CPU.Build.0 = Release|Any CPU
		{5B33D88B-C770-4BB3-AFC5-A7E7E909F113}.Debug|Any CPU.ActiveCfg = Debug|Any CPU
		{5B33D88B-C770-4BB3-AFC5-A7E7E909F113}.Debug|Any CPU.Build.0 = Debug|Any CPU
		{5B33D88B-C770-4BB3-AFC5-A7E7E909F113}.Release|Any CPU.ActiveCfg = Release|Any CPU
		{5B33D88B-C770-4BB3-AFC5-A7E7E909F113}.Release|Any CPU.Build.0 = Release|Any CPU
		{9880F90C-4329-41BC-8BC8-ED318E4A460F}.Debug|Any CPU.ActiveCfg = Debug|Any CPU
		{9880F90C-4329-41BC-8BC8-ED318E4A460F}.Debug|Any CPU.Build.0 = Debug|Any CPU
		{9880F90C-4329-41BC-8BC8-ED318E4A460F}.Release|Any CPU.ActiveCfg = Release|Any CPU
		{9880F90C-4329-41BC-8BC8-ED318E4A460F}.Release|Any CPU.Build.0 = Release|Any CPU
		{4C18A91D-9C0A-4DFF-A2A3-39E8317951FD}.Debug|Any CPU.ActiveCfg = Debug|Any CPU
		{4C18A91D-9C0A-4DFF-A2A3-39E8317951FD}.Debug|Any CPU.Build.0 = Debug|Any CPU
		{4C18A91D-9C0A-4DFF-A2A3-39E8317951FD}.Release|Any CPU.ActiveCfg = Release|Any CPU
		{4C18A91D-9C0A-4DFF-A2A3-39E8317951FD}.Release|Any CPU.Build.0 = Release|Any CPU
		{9A7D5C39-97BB-4D84-B439-BE530CCF1502}.Debug|Any CPU.ActiveCfg = Debug|Any CPU
		{9A7D5C39-97BB-4D84-B439-BE530CCF1502}.Debug|Any CPU.Build.0 = Debug|Any CPU
		{9A7D5C39-97BB-4D84-B439-BE530CCF1502}.Release|Any CPU.ActiveCfg = Release|Any CPU
		{9A7D5C39-97BB-4D84-B439-BE530CCF1502}.Release|Any CPU.Build.0 = Release|Any CPU
		{E77AF4DD-2373-47EF-BD0E-A796B1099364}.Debug|Any CPU.ActiveCfg = Debug|Any CPU
		{E77AF4DD-2373-47EF-BD0E-A796B1099364}.Debug|Any CPU.Build.0 = Debug|Any CPU
		{E77AF4DD-2373-47EF-BD0E-A796B1099364}.Release|Any CPU.ActiveCfg = Release|Any CPU
		{E77AF4DD-2373-47EF-BD0E-A796B1099364}.Release|Any CPU.Build.0 = Release|Any CPU
		{A8D165AA-6A73-4EA0-846D-2F61FDD05CA1}.Debug|Any CPU.ActiveCfg = Debug|Any CPU
		{A8D165AA-6A73-4EA0-846D-2F61FDD05CA1}.Debug|Any CPU.Build.0 = Debug|Any CPU
		{A8D165AA-6A73-4EA0-846D-2F61FDD05CA1}.Release|Any CPU.ActiveCfg = Release|Any CPU
		{A8D165AA-6A73-4EA0-846D-2F61FDD05CA1}.Release|Any CPU.Build.0 = Release|Any CPU
		{1B2E2508-C908-4EF7-9736-29CDDA34EF9D}.Debug|Any CPU.ActiveCfg = Debug|Any CPU
		{1B2E2508-C908-4EF7-9736-29CDDA34EF9D}.Debug|Any CPU.Build.0 = Debug|Any CPU
		{1B2E2508-C908-4EF7-9736-29CDDA34EF9D}.Release|Any CPU.ActiveCfg = Release|Any CPU
		{1B2E2508-C908-4EF7-9736-29CDDA34EF9D}.Release|Any CPU.Build.0 = Release|Any CPU
		{B4A7296E-15EF-47CD-842F-EEBF9D730FD0}.Debug|Any CPU.ActiveCfg = Debug|Any CPU
		{B4A7296E-15EF-47CD-842F-EEBF9D730FD0}.Debug|Any CPU.Build.0 = Debug|Any CPU
		{B4A7296E-15EF-47CD-842F-EEBF9D730FD0}.Release|Any CPU.ActiveCfg = Release|Any CPU
		{B4A7296E-15EF-47CD-842F-EEBF9D730FD0}.Release|Any CPU.Build.0 = Release|Any CPU
		{F5751D35-A129-43E1-8DEE-80F02B923D4A}.Debug|Any CPU.ActiveCfg = Debug|Any CPU
		{F5751D35-A129-43E1-8DEE-80F02B923D4A}.Debug|Any CPU.Build.0 = Debug|Any CPU
		{F5751D35-A129-43E1-8DEE-80F02B923D4A}.Release|Any CPU.ActiveCfg = Release|Any CPU
		{F5751D35-A129-43E1-8DEE-80F02B923D4A}.Release|Any CPU.Build.0 = Release|Any CPU
		{42EA4DAE-8180-4B9E-9006-A1F9C4D54284}.Debug|Any CPU.ActiveCfg = Debug|Any CPU
		{42EA4DAE-8180-4B9E-9006-A1F9C4D54284}.Debug|Any CPU.Build.0 = Debug|Any CPU
		{42EA4DAE-8180-4B9E-9006-A1F9C4D54284}.Release|Any CPU.ActiveCfg = Release|Any CPU
		{42EA4DAE-8180-4B9E-9006-A1F9C4D54284}.Release|Any CPU.Build.0 = Release|Any CPU
		{37327280-77E7-48E5-9E6D-C6D1EC86F125}.Debug|Any CPU.ActiveCfg = Debug|Any CPU
		{37327280-77E7-48E5-9E6D-C6D1EC86F125}.Debug|Any CPU.Build.0 = Debug|Any CPU
		{37327280-77E7-48E5-9E6D-C6D1EC86F125}.Release|Any CPU.ActiveCfg = Release|Any CPU
		{37327280-77E7-48E5-9E6D-C6D1EC86F125}.Release|Any CPU.Build.0 = Release|Any CPU
		{E84BCF7A-0B5A-4F73-A1B0-ED1E29A0FE17}.Debug|Any CPU.ActiveCfg = Debug|Any CPU
		{E84BCF7A-0B5A-4F73-A1B0-ED1E29A0FE17}.Debug|Any CPU.Build.0 = Debug|Any CPU
		{E84BCF7A-0B5A-4F73-A1B0-ED1E29A0FE17}.Release|Any CPU.ActiveCfg = Release|Any CPU
		{E84BCF7A-0B5A-4F73-A1B0-ED1E29A0FE17}.Release|Any CPU.Build.0 = Release|Any CPU
		{A9227F5B-8BC8-4869-B1F7-C6F40F4252E4}.Debug|Any CPU.ActiveCfg = Debug|Any CPU
		{A9227F5B-8BC8-4869-B1F7-C6F40F4252E4}.Debug|Any CPU.Build.0 = Debug|Any CPU
		{A9227F5B-8BC8-4869-B1F7-C6F40F4252E4}.Release|Any CPU.ActiveCfg = Release|Any CPU
		{A9227F5B-8BC8-4869-B1F7-C6F40F4252E4}.Release|Any CPU.Build.0 = Release|Any CPU
	EndGlobalSection
	GlobalSection(SolutionProperties) = preSolution
		HideSolutionNode = FALSE
	EndGlobalSection
	GlobalSection(NestedProjects) = preSolution
		{4A00DE64-EC27-4F46-8782-47541FC40AE0} = {CBF27136-5472-4217-AA88-C258F865E2D2}
		{4A3A5BA2-1D89-433D-9214-820FFFAD45D0} = {4A00DE64-EC27-4F46-8782-47541FC40AE0}
		{958F41EE-0444-4893-9997-7595594C37CF} = {4A3A5BA2-1D89-433D-9214-820FFFAD45D0}
		{EF69A3A6-A184-4C23-B9FB-034DAD2913C6} = {CBF27136-5472-4217-AA88-C258F865E2D2}
		{A076FFF7-8F8D-4A70-B469-B2891B222782} = {EF69A3A6-A184-4C23-B9FB-034DAD2913C6}
		{E5D12115-EAF4-43F4-83C8-D8DAE7C17285} = {4A00DE64-EC27-4F46-8782-47541FC40AE0}
		{87F81A8D-BC10-4701-BE32-6F6217796E8C} = {E5D12115-EAF4-43F4-83C8-D8DAE7C17285}
		{6E3302E8-41FD-490C-920B-D5929B5DE0D9} = {CBF27136-5472-4217-AA88-C258F865E2D2}
		{18C365E9-2DDC-4247-BCD5-C77D3D289E57} = {6E3302E8-41FD-490C-920B-D5929B5DE0D9}
		{F5BC4BD0-66D5-4B81-813F-5803886ABFD0} = {18C365E9-2DDC-4247-BCD5-C77D3D289E57}
		{2E6BAD6A-898B-421D-BE0B-AA94B906A54A} = {18C365E9-2DDC-4247-BCD5-C77D3D289E57}
		{5B33D88B-C770-4BB3-AFC5-A7E7E909F113} = {18C365E9-2DDC-4247-BCD5-C77D3D289E57}
		{9880F90C-4329-41BC-8BC8-ED318E4A460F} = {18C365E9-2DDC-4247-BCD5-C77D3D289E57}
		{8ACD66D8-4B4E-489A-8C75-E25EA9E0E399} = {CBF27136-5472-4217-AA88-C258F865E2D2}
		{52F3904A-48EA-4B45-BE38-42B84AB94519} = {8ACD66D8-4B4E-489A-8C75-E25EA9E0E399}
		{8BA422BB-9BC1-4B05-9880-8AC6D6CF6920} = {52F3904A-48EA-4B45-BE38-42B84AB94519}
		{64B29A06-E154-456D-B054-06DC2DE419B8} = {8BA422BB-9BC1-4B05-9880-8AC6D6CF6920}
		{4C14BF67-4B0C-429D-96C7-73803AA76CFA} = {8ACD66D8-4B4E-489A-8C75-E25EA9E0E399}
		{4C18A91D-9C0A-4DFF-A2A3-39E8317951FD} = {4C14BF67-4B0C-429D-96C7-73803AA76CFA}
		{58D1C64F-B283-45CB-97C9-5BC4F6589CE8} = {4A00DE64-EC27-4F46-8782-47541FC40AE0}
		{9A7D5C39-97BB-4D84-B439-BE530CCF1502} = {58D1C64F-B283-45CB-97C9-5BC4F6589CE8}
		{6E06245D-F575-4D67-AECE-EEC5D70AE53B} = {4A00DE64-EC27-4F46-8782-47541FC40AE0}
		{E77AF4DD-2373-47EF-BD0E-A796B1099364} = {6E06245D-F575-4D67-AECE-EEC5D70AE53B}
		{6741BDD4-34D9-4D60-ADD5-5C631302545D} = {6E3302E8-41FD-490C-920B-D5929B5DE0D9}
		{A8D165AA-6A73-4EA0-846D-2F61FDD05CA1} = {6741BDD4-34D9-4D60-ADD5-5C631302545D}
		{1B2E2508-C908-4EF7-9736-29CDDA34EF9D} = {6E06245D-F575-4D67-AECE-EEC5D70AE53B}
		{B4A7296E-15EF-47CD-842F-EEBF9D730FD0} = {6E06245D-F575-4D67-AECE-EEC5D70AE53B}
		{F5751D35-A129-43E1-8DEE-80F02B923D4A} = {EF69A3A6-A184-4C23-B9FB-034DAD2913C6}
		{42EA4DAE-8180-4B9E-9006-A1F9C4D54284} = {6E06245D-F575-4D67-AECE-EEC5D70AE53B}
		{B894E134-F56A-4057-8F29-6D9DD4A6CDFA} = {4A00DE64-EC27-4F46-8782-47541FC40AE0}
		{37327280-77E7-48E5-9E6D-C6D1EC86F125} = {B894E134-F56A-4057-8F29-6D9DD4A6CDFA}
		{E84BCF7A-0B5A-4F73-A1B0-ED1E29A0FE17} = {6E06245D-F575-4D67-AECE-EEC5D70AE53B}
		{8FD81E9D-8D31-4DF3-AE65-5FAEBDC7420C} = {4A00DE64-EC27-4F46-8782-47541FC40AE0}
		{A9227F5B-8BC8-4869-B1F7-C6F40F4252E4} = {8FD81E9D-8D31-4DF3-AE65-5FAEBDC7420C}
	EndGlobalSection
	GlobalSection(ExtensibilityGlobals) = postSolution
		SolutionGuid = {FBED0B95-87F8-439B-BC1E-382C8ABD4F2E}
	EndGlobalSection
EndGlobal
